
Microsoft Visual Studio Solution File, Format Version 12.00
# Visual Studio 15
VisualStudioVersion = 15.0.27428.2011
MinimumVisualStudioVersion = 10.0.40219.1
Project("{FAE04EC0-301F-11D3-BF4B-00C04F79EFBC}") = "MediaShop", "MediaShop\MediaShop.csproj", "{C9E04551-E5DA-46B6-ABBD-56F137609A16}"
EndProject
Global
	GlobalSection(SolutionConfigurationPlatforms) = preSolution
		Debug|Any CPU = Debug|Any CPU
		Release|Any CPU = Release|Any CPU
	EndGlobalSection
	GlobalSection(ProjectConfigurationPlatforms) = postSolution
		{C9E04551-E5DA-46B6-ABBD-56F137609A16}.Debug|Any CPU.ActiveCfg = Debug|Any CPU
		{C9E04551-E5DA-46B6-ABBD-56F137609A16}.Debug|Any CPU.Build.0 = Debug|Any CPU
		{C9E04551-E5DA-46B6-ABBD-56F137609A16}.Release|Any CPU.ActiveCfg = Release|Any CPU
		{C9E04551-E5DA-46B6-ABBD-56F137609A16}.Release|Any CPU.Build.0 = Release|Any CPU
	EndGlobalSection
	GlobalSection(SolutionProperties) = preSolution
		HideSolutionNode = FALSE
	EndGlobalSection
	GlobalSection(ExtensibilityGlobals) = postSolution
		SolutionGuid = {2C139777-9D48-4F03-BAE5-FCC8B32F3BFA}
	EndGlobalSection
EndGlobal
